
Microsoft Visual Studio Solution File, Format Version 12.00
# Visual Studio 14
VisualStudioVersion = 14.0.25420.1
MinimumVisualStudioVersion = 10.0.40219.1
Project("{FAE04EC0-301F-11D3-BF4B-00C04F79EFBC}") = "MagusTools", "MagusTools\MagusTools.csproj", "{12B98BE1-6D2D-4EAB-810D-4BE196BA96BA}"
EndProject
Project("{2150E333-8FDC-42A3-9474-1A3956D46DE8}") = "Documentation", "Documentation", "{641883B6-0B60-4336-A3C3-95AC59192A3D}"
	ProjectSection(SolutionItems) = preProject
		Feature Requirement List.docx = Feature Requirement List.docx
		MagusTools_FRS.docx = MagusTools_FRS.docx
		Testcase_list.xlsx = Testcase_list.xlsx
	EndProjectSection
EndProject
Global
	GlobalSection(SolutionConfigurationPlatforms) = preSolution
		Debug|Any CPU = Debug|Any CPU
		Release|Any CPU = Release|Any CPU
	EndGlobalSection
	GlobalSection(ProjectConfigurationPlatforms) = postSolution
		{12B98BE1-6D2D-4EAB-810D-4BE196BA96BA}.Debug|Any CPU.ActiveCfg = Debug|Any CPU
		{12B98BE1-6D2D-4EAB-810D-4BE196BA96BA}.Debug|Any CPU.Build.0 = Debug|Any CPU
		{12B98BE1-6D2D-4EAB-810D-4BE196BA96BA}.Release|Any CPU.ActiveCfg = Release|Any CPU
		{12B98BE1-6D2D-4EAB-810D-4BE196BA96BA}.Release|Any CPU.Build.0 = Release|Any CPU
	EndGlobalSection
	GlobalSection(SolutionProperties) = preSolution
		HideSolutionNode = FALSE
	EndGlobalSection
EndGlobal
